
Microsoft Visual Studio Solution File, Format Version 12.00
# Visual Studio 14
VisualStudioVersion = 14.0.25420.1
MinimumVisualStudioVersion = 10.0.40219.1
Project("{2150E333-8FDC-42A3-9474-1A3956D46DE8}") = "Solution Items", "Solution Items", "{1AEFB204-F8C9-4BAF-A062-22737E41A1D7}"
	ProjectSection(SolutionItems) = preProject
		ChangePassword.html = ChangePassword.html
		Document\DB.xlsx = Document\DB.xlsx
		Index.html = Index.html
		Document\MProfile-20190209.bak = Document\MProfile-20190209.bak
		SearchBasic.html = SearchBasic.html
		SearchDate.html = SearchDate.html
		SearchId.html = SearchId.html
		SearchKeyword.html = SearchKeyword.html
		SearchRegular.html = SearchRegular.html
		Step1.html = Step1.html
		Step2.html = Step2.html
	EndProjectSection
EndProject
Global
	GlobalSection(SolutionProperties) = preSolution
		HideSolutionNode = FALSE
	EndGlobalSection
EndGlobal
